
Microsoft Visual Studio Solution File, Format Version 12.00
# Visual Studio 14
VisualStudioVersion = 14.0.25420.1
MinimumVisualStudioVersion = 10.0.40219.1
Project("{FAE04EC0-301F-11D3-BF4B-00C04F79EFBC}") = "DVDLibrary.Data", "DVDLibrary.Data\DVDLibrary.Data.csproj", "{5387CB86-8935-4C51-8982-7841924A3320}"
EndProject
Project("{FAE04EC0-301F-11D3-BF4B-00C04F79EFBC}") = "DVDLibrary.Models", "DVDLibrary.Models\DVDLibrary.Models.csproj", "{4F16634A-FB31-4451-8EAD-D1161F67C4AE}"
EndProject
Project("{2150E333-8FDC-42A3-9474-1A3956D46DE8}") = "Solution Items", "Solution Items", "{81306F4F-4B56-446D-9A8E-09F3A705A223}"
	ProjectSection(SolutionItems) = preProject
		SQL Sprocs.txt = SQL Sprocs.txt
	EndProjectSection
EndProject
Project("{FAE04EC0-301F-11D3-BF4B-00C04F79EFBC}") = "DVDLibrary2.API", "DVDLibrary2.API\DVDLibrary2.API.csproj", "{FF1C4C62-E217-4127-9739-2863E2CC6080}"
EndProject
Global
	GlobalSection(SolutionConfigurationPlatforms) = preSolution
		Debug|Any CPU = Debug|Any CPU
		Release|Any CPU = Release|Any CPU
	EndGlobalSection
	GlobalSection(ProjectConfigurationPlatforms) = postSolution
		{5387CB86-8935-4C51-8982-7841924A3320}.Debug|Any CPU.ActiveCfg = Debug|Any CPU
		{5387CB86-8935-4C51-8982-7841924A3320}.Debug|Any CPU.Build.0 = Debug|Any CPU
		{5387CB86-8935-4C51-8982-7841924A3320}.Release|Any CPU.ActiveCfg = Release|Any CPU
		{5387CB86-8935-4C51-8982-7841924A3320}.Release|Any CPU.Build.0 = Release|Any CPU
		{4F16634A-FB31-4451-8EAD-D1161F67C4AE}.Debug|Any CPU.ActiveCfg = Debug|Any CPU
		{4F16634A-FB31-4451-8EAD-D1161F67C4AE}.Debug|Any CPU.Build.0 = Debug|Any CPU
		{4F16634A-FB31-4451-8EAD-D1161F67C4AE}.Release|Any CPU.ActiveCfg = Release|Any CPU
		{4F16634A-FB31-4451-8EAD-D1161F67C4AE}.Release|Any CPU.Build.0 = Release|Any CPU
		{FF1C4C62-E217-4127-9739-2863E2CC6080}.Debug|Any CPU.ActiveCfg = Debug|Any CPU
		{FF1C4C62-E217-4127-9739-2863E2CC6080}.Debug|Any CPU.Build.0 = Debug|Any CPU
		{FF1C4C62-E217-4127-9739-2863E2CC6080}.Release|Any CPU.ActiveCfg = Release|Any CPU
		{FF1C4C62-E217-4127-9739-2863E2CC6080}.Release|Any CPU.Build.0 = Release|Any CPU
	EndGlobalSection
	GlobalSection(SolutionProperties) = preSolution
		HideSolutionNode = FALSE
	EndGlobalSection
EndGlobal
