
Microsoft Visual Studio Solution File, Format Version 12.00
# Visual Studio 14
VisualStudioVersion = 14.0.25420.1
MinimumVisualStudioVersion = 10.0.40219.1
Project("{FAE04EC0-301F-11D3-BF4B-00C04F79EFBC}") = "DVDLibrary2", "DVDLibrary2\DVDLibrary2.csproj", "{46EE0A58-1FD6-48A8-AB88-D57454625B94}"
EndProject
Project("{FAE04EC0-301F-11D3-BF4B-00C04F79EFBC}") = "DVDLibrary.Data", "DVDLibrary.Data\DVDLibrary.Data.csproj", "{5387CB86-8935-4C51-8982-7841924A3320}"
EndProject
Project("{FAE04EC0-301F-11D3-BF4B-00C04F79EFBC}") = "DVDLibrary.Models", "DVDLibrary.Models\DVDLibrary.Models.csproj", "{4F16634A-FB31-4451-8EAD-D1161F67C4AE}"
EndProject
Global
	GlobalSection(SolutionConfigurationPlatforms) = preSolution
		Debug|Any CPU = Debug|Any CPU
		Release|Any CPU = Release|Any CPU
	EndGlobalSection
	GlobalSection(ProjectConfigurationPlatforms) = postSolution
		{46EE0A58-1FD6-48A8-AB88-D57454625B94}.Debug|Any CPU.ActiveCfg = Debug|Any CPU
		{46EE0A58-1FD6-48A8-AB88-D57454625B94}.Debug|Any CPU.Build.0 = Debug|Any CPU
		{46EE0A58-1FD6-48A8-AB88-D57454625B94}.Release|Any CPU.ActiveCfg = Release|Any CPU
		{46EE0A58-1FD6-48A8-AB88-D57454625B94}.Release|Any CPU.Build.0 = Release|Any CPU
		{5387CB86-8935-4C51-8982-7841924A3320}.Debug|Any CPU.ActiveCfg = Debug|Any CPU
		{5387CB86-8935-4C51-8982-7841924A3320}.Debug|Any CPU.Build.0 = Debug|Any CPU
		{5387CB86-8935-4C51-8982-7841924A3320}.Release|Any CPU.ActiveCfg = Release|Any CPU
		{5387CB86-8935-4C51-8982-7841924A3320}.Release|Any CPU.Build.0 = Release|Any CPU
		{4F16634A-FB31-4451-8EAD-D1161F67C4AE}.Debug|Any CPU.ActiveCfg = Debug|Any CPU
		{4F16634A-FB31-4451-8EAD-D1161F67C4AE}.Debug|Any CPU.Build.0 = Debug|Any CPU
		{4F16634A-FB31-4451-8EAD-D1161F67C4AE}.Release|Any CPU.ActiveCfg = Release|Any CPU
		{4F16634A-FB31-4451-8EAD-D1161F67C4AE}.Release|Any CPU.Build.0 = Release|Any CPU
	EndGlobalSection
	GlobalSection(SolutionProperties) = preSolution
		HideSolutionNode = FALSE
	EndGlobalSection
EndGlobal
